
Microsoft Visual Studio Solution File, Format Version 12.00
# Visual Studio 15
VisualStudioVersion = 15.0.28010.2036
MinimumVisualStudioVersion = 10.0.40219.1
Project("{8BC9CEB8-8B4A-11D0-8D11-00A0C91BC942}") = "StartingPoint", "StartingPoint\StartingPoint.vcxproj", "{254802DA-4BFE-46E5-9240-43CDB9EC2AD7}"
EndProject
Project("{8BC9CEB8-8B4A-11D0-8D11-00A0C91BC942}") = "SortingPractice", "SortingPractice\SortingPractice.vcxproj", "{73F5F1CA-FAD8-4411-8124-214E377651D3}"
EndProject
Project("{8BC9CEB8-8B4A-11D0-8D11-00A0C91BC942}") = "PrimeGenerator", "PrimeGenerator\PrimeGenerator.vcxproj", "{F87DF827-4E0D-41AB-AFE2-F88BD7610C00}"
EndProject
Project("{8BC9CEB8-8B4A-11D0-8D11-00A0C91BC942}") = "FiboNaiive", "FiboNaiive\FiboNaiive.vcxproj", "{24EDE2F4-0F75-4987-95BB-98B5E701C2A7}"
EndProject
Project("{8BC9CEB8-8B4A-11D0-8D11-00A0C91BC942}") = "BaseConverter", "BaseConverter\BaseConverter.vcxproj", "{9E5CD49C-541F-452F-B573-9740001FB3D2}"
EndProject
Project("{8BC9CEB8-8B4A-11D0-8D11-00A0C91BC942}") = "asciiTable_Strings", "asciiTable\asciiTable.vcxproj", "{F056CA1C-AE77-4C04-8018-1D03A773F5EC}"
EndProject
Project("{8BC9CEB8-8B4A-11D0-8D11-00A0C91BC942}") = "MatrixLibrary", "MatrixLibrary\MatrixLibrary.vcxproj", "{4B5E26DC-9ABE-40A1-B79D-E4841F5E9D26}"
EndProject
Project("{8BC9CEB8-8B4A-11D0-8D11-00A0C91BC942}") = "MaxPairwiseProduct", "MaxPairwiseProduct\MaxPairwiseProduct.vcxproj", "{B14B4299-D3D0-4090-A3DE-7139340831E7}"
EndProject
Project("{8BC9CEB8-8B4A-11D0-8D11-00A0C91BC942}") = "Threads", "Threads\Threads.vcxproj", "{97CAEEEA-70B1-47DA-9FCB-60D4CEFEFDE5}"
EndProject
Project("{8BC9CEB8-8B4A-11D0-8D11-00A0C91BC942}") = "RandomDistributions", "RandomDistributions\RandomDistributions.vcxproj", "{6246DD2A-4229-4516-A21B-CB1D485BBADC}"
EndProject
Project("{8BC9CEB8-8B4A-11D0-8D11-00A0C91BC942}") = "LinkedList", "LinkedList\LinkedList.vcxproj", "{CA194524-60FE-4729-AF9D-F448A72B6C0F}"
EndProject
Project("{2150E333-8FDC-42A3-9474-1A3956D46DE8}") = "Text Files", "Text Files", "{BE54831F-4A5F-4EB9-8F4D-43CA86CF5C33}"
	ProjectSection(SolutionItems) = preProject
		Cherno.txt = Cherno.txt
		Summary.txt = Summary.txt
		ToDo.txt = ToDo.txt
	EndProjectSection
EndProject
Project("{8BC9CEB8-8B4A-11D0-8D11-00A0C91BC942}") = "CopyConstructorDemo", "CopyConstructorDemo\CopyConstructorDemo.vcxproj", "{E374A2E9-ABBE-43D9-8C8C-E265937BFE9A}"
EndProject
Project("{8BC9CEB8-8B4A-11D0-8D11-00A0C91BC942}") = "Chrono", "Chrono\Chrono.vcxproj", "{D56C82DF-95AE-426E-AE72-8745A50B3C59}"
EndProject
Project("{8BC9CEB8-8B4A-11D0-8D11-00A0C91BC942}") = "Dijkstra", "Dijkstra\Dijkstra.vcxproj", "{821F652A-2185-4A7B-B773-F11E091FAE68}"
EndProject
Project("{8BC9CEB8-8B4A-11D0-8D11-00A0C91BC942}") = "PriorityQueue", "PriorityQueue\PriorityQueue.vcxproj", "{34DEF265-F837-4535-B037-F3F8249816CF}"
EndProject
Project("{8BC9CEB8-8B4A-11D0-8D11-00A0C91BC942}") = "callStackExample", "callStackExample\callStackExample.vcxproj", "{72615B0B-0321-4AE2-AEFB-7C6F9B597602}"
EndProject
Project("{8BC9CEB8-8B4A-11D0-8D11-00A0C91BC942}") = "Inheritance", "Inheritance\Inheritance.vcxproj", "{B7CF2E36-331A-440D-945A-54863545E212}"
EndProject
Project("{8BC9CEB8-8B4A-11D0-8D11-00A0C91BC942}") = "FunctionPointer", "FunctionPointer\FunctionPointer.vcxproj", "{24374C1B-6F25-4344-A1AC-3211FDED0970}"
EndProject
Global
	GlobalSection(SolutionConfigurationPlatforms) = preSolution
		Debug|x64 = Debug|x64
		Debug|x86 = Debug|x86
		Release|x64 = Release|x64
		Release|x86 = Release|x86
	EndGlobalSection
	GlobalSection(ProjectConfigurationPlatforms) = postSolution
		{254802DA-4BFE-46E5-9240-43CDB9EC2AD7}.Debug|x64.ActiveCfg = Debug|x64
		{254802DA-4BFE-46E5-9240-43CDB9EC2AD7}.Debug|x64.Build.0 = Debug|x64
		{254802DA-4BFE-46E5-9240-43CDB9EC2AD7}.Debug|x86.ActiveCfg = Debug|Win32
		{254802DA-4BFE-46E5-9240-43CDB9EC2AD7}.Debug|x86.Build.0 = Debug|Win32
		{254802DA-4BFE-46E5-9240-43CDB9EC2AD7}.Release|x64.ActiveCfg = Release|x64
		{254802DA-4BFE-46E5-9240-43CDB9EC2AD7}.Release|x64.Build.0 = Release|x64
		{254802DA-4BFE-46E5-9240-43CDB9EC2AD7}.Release|x86.ActiveCfg = Release|Win32
		{254802DA-4BFE-46E5-9240-43CDB9EC2AD7}.Release|x86.Build.0 = Release|Win32
		{73F5F1CA-FAD8-4411-8124-214E377651D3}.Debug|x64.ActiveCfg = Debug|x64
		{73F5F1CA-FAD8-4411-8124-214E377651D3}.Debug|x64.Build.0 = Debug|x64
		{73F5F1CA-FAD8-4411-8124-214E377651D3}.Debug|x86.ActiveCfg = Debug|Win32
		{73F5F1CA-FAD8-4411-8124-214E377651D3}.Debug|x86.Build.0 = Debug|Win32
		{73F5F1CA-FAD8-4411-8124-214E377651D3}.Release|x64.ActiveCfg = Release|x64
		{73F5F1CA-FAD8-4411-8124-214E377651D3}.Release|x64.Build.0 = Release|x64
		{73F5F1CA-FAD8-4411-8124-214E377651D3}.Release|x86.ActiveCfg = Release|Win32
		{73F5F1CA-FAD8-4411-8124-214E377651D3}.Release|x86.Build.0 = Release|Win32
		{F87DF827-4E0D-41AB-AFE2-F88BD7610C00}.Debug|x64.ActiveCfg = Debug|x64
		{F87DF827-4E0D-41AB-AFE2-F88BD7610C00}.Debug|x64.Build.0 = Debug|x64
		{F87DF827-4E0D-41AB-AFE2-F88BD7610C00}.Debug|x86.ActiveCfg = Debug|Win32
		{F87DF827-4E0D-41AB-AFE2-F88BD7610C00}.Debug|x86.Build.0 = Debug|Win32
		{F87DF827-4E0D-41AB-AFE2-F88BD7610C00}.Release|x64.ActiveCfg = Release|x64
		{F87DF827-4E0D-41AB-AFE2-F88BD7610C00}.Release|x64.Build.0 = Release|x64
		{F87DF827-4E0D-41AB-AFE2-F88BD7610C00}.Release|x86.ActiveCfg = Release|Win32
		{F87DF827-4E0D-41AB-AFE2-F88BD7610C00}.Release|x86.Build.0 = Release|Win32
		{24EDE2F4-0F75-4987-95BB-98B5E701C2A7}.Debug|x64.ActiveCfg = Debug|x64
		{24EDE2F4-0F75-4987-95BB-98B5E701C2A7}.Debug|x64.Build.0 = Debug|x64
		{24EDE2F4-0F75-4987-95BB-98B5E701C2A7}.Debug|x86.ActiveCfg = Debug|Win32
		{24EDE2F4-0F75-4987-95BB-98B5E701C2A7}.Debug|x86.Build.0 = Debug|Win32
		{24EDE2F4-0F75-4987-95BB-98B5E701C2A7}.Release|x64.ActiveCfg = Release|x64
		{24EDE2F4-0F75-4987-95BB-98B5E701C2A7}.Release|x64.Build.0 = Release|x64
		{24EDE2F4-0F75-4987-95BB-98B5E701C2A7}.Release|x86.ActiveCfg = Release|Win32
		{24EDE2F4-0F75-4987-95BB-98B5E701C2A7}.Release|x86.Build.0 = Release|Win32
		{9E5CD49C-541F-452F-B573-9740001FB3D2}.Debug|x64.ActiveCfg = Debug|x64
		{9E5CD49C-541F-452F-B573-9740001FB3D2}.Debug|x64.Build.0 = Debug|x64
		{9E5CD49C-541F-452F-B573-9740001FB3D2}.Debug|x86.ActiveCfg = Debug|Win32
		{9E5CD49C-541F-452F-B573-9740001FB3D2}.Debug|x86.Build.0 = Debug|Win32
		{9E5CD49C-541F-452F-B573-9740001FB3D2}.Release|x64.ActiveCfg = Release|x64
		{9E5CD49C-541F-452F-B573-9740001FB3D2}.Release|x64.Build.0 = Release|x64
		{9E5CD49C-541F-452F-B573-9740001FB3D2}.Release|x86.ActiveCfg = Release|Win32
		{9E5CD49C-541F-452F-B573-9740001FB3D2}.Release|x86.Build.0 = Release|Win32
		{F056CA1C-AE77-4C04-8018-1D03A773F5EC}.Debug|x64.ActiveCfg = Debug|x64
		{F056CA1C-AE77-4C04-8018-1D03A773F5EC}.Debug|x64.Build.0 = Debug|x64
		{F056CA1C-AE77-4C04-8018-1D03A773F5EC}.Debug|x86.ActiveCfg = Debug|Win32
		{F056CA1C-AE77-4C04-8018-1D03A773F5EC}.Debug|x86.Build.0 = Debug|Win32
		{F056CA1C-AE77-4C04-8018-1D03A773F5EC}.Release|x64.ActiveCfg = Release|x64
		{F056CA1C-AE77-4C04-8018-1D03A773F5EC}.Release|x64.Build.0 = Release|x64
		{F056CA1C-AE77-4C04-8018-1D03A773F5EC}.Release|x86.ActiveCfg = Release|Win32
		{F056CA1C-AE77-4C04-8018-1D03A773F5EC}.Release|x86.Build.0 = Release|Win32
		{4B5E26DC-9ABE-40A1-B79D-E4841F5E9D26}.Debug|x64.ActiveCfg = Debug|x64
		{4B5E26DC-9ABE-40A1-B79D-E4841F5E9D26}.Debug|x64.Build.0 = Debug|x64
		{4B5E26DC-9ABE-40A1-B79D-E4841F5E9D26}.Debug|x86.ActiveCfg = Debug|Win32
		{4B5E26DC-9ABE-40A1-B79D-E4841F5E9D26}.Debug|x86.Build.0 = Debug|Win32
		{4B5E26DC-9ABE-40A1-B79D-E4841F5E9D26}.Release|x64.ActiveCfg = Release|x64
		{4B5E26DC-9ABE-40A1-B79D-E4841F5E9D26}.Release|x64.Build.0 = Release|x64
		{4B5E26DC-9ABE-40A1-B79D-E4841F5E9D26}.Release|x86.ActiveCfg = Release|Win32
		{4B5E26DC-9ABE-40A1-B79D-E4841F5E9D26}.Release|x86.Build.0 = Release|Win32
		{B14B4299-D3D0-4090-A3DE-7139340831E7}.Debug|x64.ActiveCfg = Debug|x64
		{B14B4299-D3D0-4090-A3DE-7139340831E7}.Debug|x64.Build.0 = Debug|x64
		{B14B4299-D3D0-4090-A3DE-7139340831E7}.Debug|x86.ActiveCfg = Debug|Win32
		{B14B4299-D3D0-4090-A3DE-7139340831E7}.Debug|x86.Build.0 = Debug|Win32
		{B14B4299-D3D0-4090-A3DE-7139340831E7}.Release|x64.ActiveCfg = Release|x64
		{B14B4299-D3D0-4090-A3DE-7139340831E7}.Release|x64.Build.0 = Release|x64
		{B14B4299-D3D0-4090-A3DE-7139340831E7}.Release|x86.ActiveCfg = Release|Win32
		{B14B4299-D3D0-4090-A3DE-7139340831E7}.Release|x86.Build.0 = Release|Win32
		{97CAEEEA-70B1-47DA-9FCB-60D4CEFEFDE5}.Debug|x64.ActiveCfg = Debug|x64
		{97CAEEEA-70B1-47DA-9FCB-60D4CEFEFDE5}.Debug|x64.Build.0 = Debug|x64
		{97CAEEEA-70B1-47DA-9FCB-60D4CEFEFDE5}.Debug|x86.ActiveCfg = Debug|Win32
		{97CAEEEA-70B1-47DA-9FCB-60D4CEFEFDE5}.Debug|x86.Build.0 = Debug|Win32
		{97CAEEEA-70B1-47DA-9FCB-60D4CEFEFDE5}.Release|x64.ActiveCfg = Release|x64
		{97CAEEEA-70B1-47DA-9FCB-60D4CEFEFDE5}.Release|x64.Build.0 = Release|x64
		{97CAEEEA-70B1-47DA-9FCB-60D4CEFEFDE5}.Release|x86.ActiveCfg = Release|Win32
		{97CAEEEA-70B1-47DA-9FCB-60D4CEFEFDE5}.Release|x86.Build.0 = Release|Win32
		{6246DD2A-4229-4516-A21B-CB1D485BBADC}.Debug|x64.ActiveCfg = Debug|x64
		{6246DD2A-4229-4516-A21B-CB1D485BBADC}.Debug|x64.Build.0 = Debug|x64
		{6246DD2A-4229-4516-A21B-CB1D485BBADC}.Debug|x86.ActiveCfg = Debug|Win32
		{6246DD2A-4229-4516-A21B-CB1D485BBADC}.Debug|x86.Build.0 = Debug|Win32
		{6246DD2A-4229-4516-A21B-CB1D485BBADC}.Release|x64.ActiveCfg = Release|x64
		{6246DD2A-4229-4516-A21B-CB1D485BBADC}.Release|x64.Build.0 = Release|x64
		{6246DD2A-4229-4516-A21B-CB1D485BBADC}.Release|x86.ActiveCfg = Release|Win32
		{6246DD2A-4229-4516-A21B-CB1D485BBADC}.Release|x86.Build.0 = Release|Win32
		{CA194524-60FE-4729-AF9D-F448A72B6C0F}.Debug|x64.ActiveCfg = Debug|x64
		{CA194524-60FE-4729-AF9D-F448A72B6C0F}.Debug|x64.Build.0 = Debug|x64
		{CA194524-60FE-4729-AF9D-F448A72B6C0F}.Debug|x86.ActiveCfg = Debug|Win32
		{CA194524-60FE-4729-AF9D-F448A72B6C0F}.Debug|x86.Build.0 = Debug|Win32
		{CA194524-60FE-4729-AF9D-F448A72B6C0F}.Release|x64.ActiveCfg = Release|x64
		{CA194524-60FE-4729-AF9D-F448A72B6C0F}.Release|x64.Build.0 = Release|x64
		{CA194524-60FE-4729-AF9D-F448A72B6C0F}.Release|x86.ActiveCfg = Release|Win32
		{CA194524-60FE-4729-AF9D-F448A72B6C0F}.Release|x86.Build.0 = Release|Win32
		{E374A2E9-ABBE-43D9-8C8C-E265937BFE9A}.Debug|x64.ActiveCfg = Debug|x64
		{E374A2E9-ABBE-43D9-8C8C-E265937BFE9A}.Debug|x64.Build.0 = Debug|x64
		{E374A2E9-ABBE-43D9-8C8C-E265937BFE9A}.Debug|x86.ActiveCfg = Debug|Win32
		{E374A2E9-ABBE-43D9-8C8C-E265937BFE9A}.Debug|x86.Build.0 = Debug|Win32
		{E374A2E9-ABBE-43D9-8C8C-E265937BFE9A}.Release|x64.ActiveCfg = Release|x64
		{E374A2E9-ABBE-43D9-8C8C-E265937BFE9A}.Release|x64.Build.0 = Release|x64
		{E374A2E9-ABBE-43D9-8C8C-E265937BFE9A}.Release|x86.ActiveCfg = Release|Win32
		{E374A2E9-ABBE-43D9-8C8C-E265937BFE9A}.Release|x86.Build.0 = Release|Win32
		{D56C82DF-95AE-426E-AE72-8745A50B3C59}.Debug|x64.ActiveCfg = Debug|x64
		{D56C82DF-95AE-426E-AE72-8745A50B3C59}.Debug|x64.Build.0 = Debug|x64
		{D56C82DF-95AE-426E-AE72-8745A50B3C59}.Debug|x86.ActiveCfg = Debug|Win32
		{D56C82DF-95AE-426E-AE72-8745A50B3C59}.Debug|x86.Build.0 = Debug|Win32
		{D56C82DF-95AE-426E-AE72-8745A50B3C59}.Release|x64.ActiveCfg = Release|x64
		{D56C82DF-95AE-426E-AE72-8745A50B3C59}.Release|x64.Build.0 = Release|x64
		{D56C82DF-95AE-426E-AE72-8745A50B3C59}.Release|x86.ActiveCfg = Release|Win32
		{D56C82DF-95AE-426E-AE72-8745A50B3C59}.Release|x86.Build.0 = Release|Win32
		{821F652A-2185-4A7B-B773-F11E091FAE68}.Debug|x64.ActiveCfg = Debug|x64
		{821F652A-2185-4A7B-B773-F11E091FAE68}.Debug|x64.Build.0 = Debug|x64
		{821F652A-2185-4A7B-B773-F11E091FAE68}.Debug|x86.ActiveCfg = Debug|Win32
		{821F652A-2185-4A7B-B773-F11E091FAE68}.Debug|x86.Build.0 = Debug|Win32
		{821F652A-2185-4A7B-B773-F11E091FAE68}.Release|x64.ActiveCfg = Release|x64
		{821F652A-2185-4A7B-B773-F11E091FAE68}.Release|x64.Build.0 = Release|x64
		{821F652A-2185-4A7B-B773-F11E091FAE68}.Release|x86.ActiveCfg = Release|Win32
		{821F652A-2185-4A7B-B773-F11E091FAE68}.Release|x86.Build.0 = Release|Win32
		{34DEF265-F837-4535-B037-F3F8249816CF}.Debug|x64.ActiveCfg = Debug|x64
		{34DEF265-F837-4535-B037-F3F8249816CF}.Debug|x64.Build.0 = Debug|x64
		{34DEF265-F837-4535-B037-F3F8249816CF}.Debug|x86.ActiveCfg = Debug|Win32
		{34DEF265-F837-4535-B037-F3F8249816CF}.Debug|x86.Build.0 = Debug|Win32
		{34DEF265-F837-4535-B037-F3F8249816CF}.Release|x64.ActiveCfg = Release|x64
		{34DEF265-F837-4535-B037-F3F8249816CF}.Release|x64.Build.0 = Release|x64
		{34DEF265-F837-4535-B037-F3F8249816CF}.Release|x86.ActiveCfg = Release|Win32
		{34DEF265-F837-4535-B037-F3F8249816CF}.Release|x86.Build.0 = Release|Win32
		{72615B0B-0321-4AE2-AEFB-7C6F9B597602}.Debug|x64.ActiveCfg = Debug|x64
		{72615B0B-0321-4AE2-AEFB-7C6F9B597602}.Debug|x64.Build.0 = Debug|x64
		{72615B0B-0321-4AE2-AEFB-7C6F9B597602}.Debug|x86.ActiveCfg = Debug|Win32
		{72615B0B-0321-4AE2-AEFB-7C6F9B597602}.Debug|x86.Build.0 = Debug|Win32
		{72615B0B-0321-4AE2-AEFB-7C6F9B597602}.Release|x64.ActiveCfg = Release|x64
		{72615B0B-0321-4AE2-AEFB-7C6F9B597602}.Release|x64.Build.0 = Release|x64
		{72615B0B-0321-4AE2-AEFB-7C6F9B597602}.Release|x86.ActiveCfg = Release|Win32
		{72615B0B-0321-4AE2-AEFB-7C6F9B597602}.Release|x86.Build.0 = Release|Win32
		{B7CF2E36-331A-440D-945A-54863545E212}.Debug|x64.ActiveCfg = Debug|x64
		{B7CF2E36-331A-440D-945A-54863545E212}.Debug|x64.Build.0 = Debug|x64
		{B7CF2E36-331A-440D-945A-54863545E212}.Debug|x86.ActiveCfg = Debug|Win32
		{B7CF2E36-331A-440D-945A-54863545E212}.Debug|x86.Build.0 = Debug|Win32
		{B7CF2E36-331A-440D-945A-54863545E212}.Release|x64.ActiveCfg = Release|x64
		{B7CF2E36-331A-440D-945A-54863545E212}.Release|x64.Build.0 = Release|x64
		{B7CF2E36-331A-440D-945A-54863545E212}.Release|x86.ActiveCfg = Release|Win32
		{B7CF2E36-331A-440D-945A-54863545E212}.Release|x86.Build.0 = Release|Win32
		{24374C1B-6F25-4344-A1AC-3211FDED0970}.Debug|x64.ActiveCfg = Debug|x64
		{24374C1B-6F25-4344-A1AC-3211FDED0970}.Debug|x64.Build.0 = Debug|x64
		{24374C1B-6F25-4344-A1AC-3211FDED0970}.Debug|x86.ActiveCfg = Debug|Win32
		{24374C1B-6F25-4344-A1AC-3211FDED0970}.Debug|x86.Build.0 = Debug|Win32
		{24374C1B-6F25-4344-A1AC-3211FDED0970}.Release|x64.ActiveCfg = Release|x64
		{24374C1B-6F25-4344-A1AC-3211FDED0970}.Release|x64.Build.0 = Release|x64
		{24374C1B-6F25-4344-A1AC-3211FDED0970}.Release|x86.ActiveCfg = Release|Win32
		{24374C1B-6F25-4344-A1AC-3211FDED0970}.Release|x86.Build.0 = Release|Win32
	EndGlobalSection
	GlobalSection(SolutionProperties) = preSolution
		HideSolutionNode = FALSE
	EndGlobalSection
	GlobalSection(ExtensibilityGlobals) = postSolution
		SolutionGuid = {635B0A5B-D214-41F8-A8EC-56EE2F21CF34}
	EndGlobalSection
EndGlobal
